
Microsoft Visual Studio Solution File, Format Version 12.00
# Visual Studio Version 17
VisualStudioVersion = 17.8.34322.80
MinimumVisualStudioVersion = 10.0.40219.1
Project("{FAE04EC0-301F-11D3-BF4B-00C04F79EFBC}") = "MA05", "MA05\MA05.csproj", "{1C1860F0-D95E-44FD-9907-C488A624D3FD}"
EndProject
Global
	GlobalSection(SolutionConfigurationPlatforms) = preSolution
		Debug|Any CPU = Debug|Any CPU
		Release|Any CPU = Release|Any CPU
	EndGlobalSection
	GlobalSection(ProjectConfigurationPlatforms) = postSolution
		{1C1860F0-D95E-44FD-9907-C488A624D3FD}.Debug|Any CPU.ActiveCfg = Debug|Any CPU
		{1C1860F0-D95E-44FD-9907-C488A624D3FD}.Debug|Any CPU.Build.0 = Debug|Any CPU
		{1C1860F0-D95E-44FD-9907-C488A624D3FD}.Debug|Any CPU.Deploy.0 = Debug|Any CPU
		{1C1860F0-D95E-44FD-9907-C488A624D3FD}.Release|Any CPU.ActiveCfg = Release|Any CPU
		{1C1860F0-D95E-44FD-9907-C488A624D3FD}.Release|Any CPU.Build.0 = Release|Any CPU
		{1C1860F0-D95E-44FD-9907-C488A624D3FD}.Release|Any CPU.Deploy.0 = Release|Any CPU
	EndGlobalSection
	GlobalSection(SolutionProperties) = preSolution
		HideSolutionNode = FALSE
	EndGlobalSection
	GlobalSection(ExtensibilityGlobals) = postSolution
		SolutionGuid = {0B199B92-A1D0-418E-B67C-BEF6D659DF32}
	EndGlobalSection
EndGlobal
