
Microsoft Visual Studio Solution File, Format Version 12.00
# Visual Studio Version 17
VisualStudioVersion = 17.8.34322.80
MinimumVisualStudioVersion = 10.0.40219.1
Project("{FAE04EC0-301F-11D3-BF4B-00C04F79EFBC}") = "MA07", "MA07\MA07.csproj", "{37B0E5FA-6822-4FFB-B796-B3BDB525483E}"
EndProject
Global
	GlobalSection(SolutionConfigurationPlatforms) = preSolution
		Debug|Any CPU = Debug|Any CPU
		Release|Any CPU = Release|Any CPU
	EndGlobalSection
	GlobalSection(ProjectConfigurationPlatforms) = postSolution
		{37B0E5FA-6822-4FFB-B796-B3BDB525483E}.Debug|Any CPU.ActiveCfg = Debug|Any CPU
		{37B0E5FA-6822-4FFB-B796-B3BDB525483E}.Debug|Any CPU.Build.0 = Debug|Any CPU
		{37B0E5FA-6822-4FFB-B796-B3BDB525483E}.Debug|Any CPU.Deploy.0 = Debug|Any CPU
		{37B0E5FA-6822-4FFB-B796-B3BDB525483E}.Release|Any CPU.ActiveCfg = Release|Any CPU
		{37B0E5FA-6822-4FFB-B796-B3BDB525483E}.Release|Any CPU.Build.0 = Release|Any CPU
		{37B0E5FA-6822-4FFB-B796-B3BDB525483E}.Release|Any CPU.Deploy.0 = Release|Any CPU
	EndGlobalSection
	GlobalSection(SolutionProperties) = preSolution
		HideSolutionNode = FALSE
	EndGlobalSection
	GlobalSection(ExtensibilityGlobals) = postSolution
		SolutionGuid = {FB9D5136-C42E-4842-AE71-C2EB6BD03E30}
	EndGlobalSection
EndGlobal
