
Microsoft Visual Studio Solution File, Format Version 12.00
# Visual Studio Version 17
VisualStudioVersion = 17.8.34330.188
MinimumVisualStudioVersion = 10.0.40219.1
Project("{FAE04EC0-301F-11D3-BF4B-00C04F79EFBC}") = "MA10", "MA10\MA10.csproj", "{6C681605-EB9E-4996-BB00-C119F2B5C5B8}"
EndProject
Global
	GlobalSection(SolutionConfigurationPlatforms) = preSolution
		Debug|Any CPU = Debug|Any CPU
		Release|Any CPU = Release|Any CPU
	EndGlobalSection
	GlobalSection(ProjectConfigurationPlatforms) = postSolution
		{6C681605-EB9E-4996-BB00-C119F2B5C5B8}.Debug|Any CPU.ActiveCfg = Debug|Any CPU
		{6C681605-EB9E-4996-BB00-C119F2B5C5B8}.Debug|Any CPU.Build.0 = Debug|Any CPU
		{6C681605-EB9E-4996-BB00-C119F2B5C5B8}.Debug|Any CPU.Deploy.0 = Debug|Any CPU
		{6C681605-EB9E-4996-BB00-C119F2B5C5B8}.Release|Any CPU.ActiveCfg = Release|Any CPU
		{6C681605-EB9E-4996-BB00-C119F2B5C5B8}.Release|Any CPU.Build.0 = Release|Any CPU
		{6C681605-EB9E-4996-BB00-C119F2B5C5B8}.Release|Any CPU.Deploy.0 = Release|Any CPU
	EndGlobalSection
	GlobalSection(SolutionProperties) = preSolution
		HideSolutionNode = FALSE
	EndGlobalSection
	GlobalSection(ExtensibilityGlobals) = postSolution
		SolutionGuid = {476E1B39-AB22-4DEC-8274-98AC771FAF20}
	EndGlobalSection
EndGlobal
