
Microsoft Visual Studio Solution File, Format Version 12.00
# Visual Studio Version 17
VisualStudioVersion = 17.8.34330.188
MinimumVisualStudioVersion = 10.0.40219.1
Project("{FAE04EC0-301F-11D3-BF4B-00C04F79EFBC}") = "MA08", "MA08\MA08.csproj", "{B075A971-C605-433A-B107-F394E63E48A1}"
EndProject
Global
	GlobalSection(SolutionConfigurationPlatforms) = preSolution
		Debug|Any CPU = Debug|Any CPU
		Release|Any CPU = Release|Any CPU
	EndGlobalSection
	GlobalSection(ProjectConfigurationPlatforms) = postSolution
		{B075A971-C605-433A-B107-F394E63E48A1}.Debug|Any CPU.ActiveCfg = Debug|Any CPU
		{B075A971-C605-433A-B107-F394E63E48A1}.Debug|Any CPU.Build.0 = Debug|Any CPU
		{B075A971-C605-433A-B107-F394E63E48A1}.Debug|Any CPU.Deploy.0 = Debug|Any CPU
		{B075A971-C605-433A-B107-F394E63E48A1}.Release|Any CPU.ActiveCfg = Release|Any CPU
		{B075A971-C605-433A-B107-F394E63E48A1}.Release|Any CPU.Build.0 = Release|Any CPU
		{B075A971-C605-433A-B107-F394E63E48A1}.Release|Any CPU.Deploy.0 = Release|Any CPU
	EndGlobalSection
	GlobalSection(SolutionProperties) = preSolution
		HideSolutionNode = FALSE
	EndGlobalSection
	GlobalSection(ExtensibilityGlobals) = postSolution
		SolutionGuid = {F430611B-265F-4258-BA14-D5CCB6AEF6F5}
	EndGlobalSection
EndGlobal
