
Microsoft Visual Studio Solution File, Format Version 12.00
# Visual Studio Version 17
VisualStudioVersion = 17.8.34322.80
MinimumVisualStudioVersion = 10.0.40219.1
Project("{FAE04EC0-301F-11D3-BF4B-00C04F79EFBC}") = "MA04", "MA04\MA04.csproj", "{C493995A-56F3-4DE9-895D-935F647D6F6C}"
EndProject
Global
	GlobalSection(SolutionConfigurationPlatforms) = preSolution
		Debug|Any CPU = Debug|Any CPU
		Release|Any CPU = Release|Any CPU
	EndGlobalSection
	GlobalSection(ProjectConfigurationPlatforms) = postSolution
		{C493995A-56F3-4DE9-895D-935F647D6F6C}.Debug|Any CPU.ActiveCfg = Debug|Any CPU
		{C493995A-56F3-4DE9-895D-935F647D6F6C}.Debug|Any CPU.Build.0 = Debug|Any CPU
		{C493995A-56F3-4DE9-895D-935F647D6F6C}.Debug|Any CPU.Deploy.0 = Debug|Any CPU
		{C493995A-56F3-4DE9-895D-935F647D6F6C}.Release|Any CPU.ActiveCfg = Release|Any CPU
		{C493995A-56F3-4DE9-895D-935F647D6F6C}.Release|Any CPU.Build.0 = Release|Any CPU
		{C493995A-56F3-4DE9-895D-935F647D6F6C}.Release|Any CPU.Deploy.0 = Release|Any CPU
	EndGlobalSection
	GlobalSection(SolutionProperties) = preSolution
		HideSolutionNode = FALSE
	EndGlobalSection
	GlobalSection(ExtensibilityGlobals) = postSolution
		SolutionGuid = {063BF9B6-2B50-4FCA-9FB1-975DBA36373E}
	EndGlobalSection
EndGlobal
