
Microsoft Visual Studio Solution File, Format Version 12.00
# Visual Studio Version 17
VisualStudioVersion = 17.8.34322.80
MinimumVisualStudioVersion = 10.0.40219.1
Project("{FAE04EC0-301F-11D3-BF4B-00C04F79EFBC}") = "MA09", "MA09\MA09.csproj", "{21CF64A5-9D5A-42AF-AD2D-AAD5D49CB53A}"
EndProject
Global
	GlobalSection(SolutionConfigurationPlatforms) = preSolution
		Debug|Any CPU = Debug|Any CPU
		Release|Any CPU = Release|Any CPU
	EndGlobalSection
	GlobalSection(ProjectConfigurationPlatforms) = postSolution
		{21CF64A5-9D5A-42AF-AD2D-AAD5D49CB53A}.Debug|Any CPU.ActiveCfg = Debug|Any CPU
		{21CF64A5-9D5A-42AF-AD2D-AAD5D49CB53A}.Debug|Any CPU.Build.0 = Debug|Any CPU
		{21CF64A5-9D5A-42AF-AD2D-AAD5D49CB53A}.Debug|Any CPU.Deploy.0 = Debug|Any CPU
		{21CF64A5-9D5A-42AF-AD2D-AAD5D49CB53A}.Release|Any CPU.ActiveCfg = Release|Any CPU
		{21CF64A5-9D5A-42AF-AD2D-AAD5D49CB53A}.Release|Any CPU.Build.0 = Release|Any CPU
		{21CF64A5-9D5A-42AF-AD2D-AAD5D49CB53A}.Release|Any CPU.Deploy.0 = Release|Any CPU
	EndGlobalSection
	GlobalSection(SolutionProperties) = preSolution
		HideSolutionNode = FALSE
	EndGlobalSection
	GlobalSection(ExtensibilityGlobals) = postSolution
		SolutionGuid = {1660D2D9-AF5D-4BCB-8681-420CFB6C0135}
	EndGlobalSection
EndGlobal
